
Microsoft Visual Studio Solution File, Format Version 12.00
# Visual Studio Version 18
VisualStudioVersion = 18.2.11415.280
MinimumVisualStudioVersion = 10.0.40219.1
Project("{FAE04EC0-301F-11D3-BF4B-00C04F79EFBC}") = "Gym.Domain", "Gym.Domain\Gym.Domain.csproj", "{B06FB545-0D4C-4493-AB72-9C35C25F31A2}"
EndProject
Project("{FAE04EC0-301F-11D3-BF4B-00C04F79EFBC}") = "Gym.Application", "Gym.Application\Gym.Application.csproj", "{EB2A193B-DA15-40F9-8ACF-44CFB42368EE}"
EndProject
Project("{FAE04EC0-301F-11D3-BF4B-00C04F79EFBC}") = "Gym.Infrastructure", "Gym.Infrastructure\Gym.Infrastructure.csproj", "{CACDBA76-91F7-4604-A7F8-C401A01D820B}"
EndProject
Project("{FAE04EC0-301F-11D3-BF4B-00C04F79EFBC}") = "Gym.API", "Gym.API\Gym.API.csproj", "{7CEE5B93-27AB-4EE4-95FC-35F4BDE6969B}"
EndProject
Global
	GlobalSection(SolutionConfigurationPlatforms) = preSolution
		Debug|Any CPU = Debug|Any CPU
		Debug|x64 = Debug|x64
		Debug|x86 = Debug|x86
		Release|Any CPU = Release|Any CPU
		Release|x64 = Release|x64
		Release|x86 = Release|x86
	EndGlobalSection
	GlobalSection(ProjectConfigurationPlatforms) = postSolution
		{B06FB545-0D4C-4493-AB72-9C35C25F31A2}.Debug|Any CPU.ActiveCfg = Debug|Any CPU
		{B06FB545-0D4C-4493-AB72-9C35C25F31A2}.Debug|Any CPU.Build.0 = Debug|Any CPU
		{B06FB545-0D4C-4493-AB72-9C35C25F31A2}.Debug|x64.ActiveCfg = Debug|Any CPU
		{B06FB545-0D4C-4493-AB72-9C35C25F31A2}.Debug|x64.Build.0 = Debug|Any CPU
		{B06FB545-0D4C-4493-AB72-9C35C25F31A2}.Debug|x86.ActiveCfg = Debug|Any CPU
		{B06FB545-0D4C-4493-AB72-9C35C25F31A2}.Debug|x86.Build.0 = Debug|Any CPU
		{B06FB545-0D4C-4493-AB72-9C35C25F31A2}.Release|Any CPU.ActiveCfg = Release|Any CPU
		{B06FB545-0D4C-4493-AB72-9C35C25F31A2}.Release|Any CPU.Build.0 = Release|Any CPU
		{B06FB545-0D4C-4493-AB72-9C35C25F31A2}.Release|x64.ActiveCfg = Release|Any CPU
		{B06FB545-0D4C-4493-AB72-9C35C25F31A2}.Release|x64.Build.0 = Release|Any CPU
		{B06FB545-0D4C-4493-AB72-9C35C25F31A2}.Release|x86.ActiveCfg = Release|Any CPU
		{B06FB545-0D4C-4493-AB72-9C35C25F31A2}.Release|x86.Build.0 = Release|Any CPU
		{EB2A193B-DA15-40F9-8ACF-44CFB42368EE}.Debug|Any CPU.ActiveCfg = Debug|Any CPU
		{EB2A193B-DA15-40F9-8ACF-44CFB42368EE}.Debug|Any CPU.Build.0 = Debug|Any CPU
		{EB2A193B-DA15-40F9-8ACF-44CFB42368EE}.Debug|x64.ActiveCfg = Debug|Any CPU
		{EB2A193B-DA15-40F9-8ACF-44CFB42368EE}.Debug|x64.Build.0 = Debug|Any CPU
		{EB2A193B-DA15-40F9-8ACF-44CFB42368EE}.Debug|x86.ActiveCfg = Debug|Any CPU
		{EB2A193B-DA15-40F9-8ACF-44CFB42368EE}.Debug|x86.Build.0 = Debug|Any CPU
		{EB2A193B-DA15-40F9-8ACF-44CFB42368EE}.Release|Any CPU.ActiveCfg = Release|Any CPU
		{EB2A193B-DA15-40F9-8ACF-44CFB42368EE}.Release|Any CPU.Build.0 = Release|Any CPU
		{EB2A193B-DA15-40F9-8ACF-44CFB42368EE}.Release|x64.ActiveCfg = Release|Any CPU
		{EB2A193B-DA15-40F9-8ACF-44CFB42368EE}.Release|x64.Build.0 = Release|Any CPU
		{EB2A193B-DA15-40F9-8ACF-44CFB42368EE}.Release|x86.ActiveCfg = Release|Any CPU
		{EB2A193B-DA15-40F9-8ACF-44CFB42368EE}.Release|x86.Build.0 = Release|Any CPU
		{CACDBA76-91F7-4604-A7F8-C401A01D820B}.Debug|Any CPU.ActiveCfg = Debug|Any CPU
		{CACDBA76-91F7-4604-A7F8-C401A01D820B}.Debug|Any CPU.Build.0 = Debug|Any CPU
		{CACDBA76-91F7-4604-A7F8-C401A01D820B}.Debug|x64.ActiveCfg = Debug|Any CPU
		{CACDBA76-91F7-4604-A7F8-C401A01D820B}.Debug|x64.Build.0 = Debug|Any CPU
		{CACDBA76-91F7-4604-A7F8-C401A01D820B}.Debug|x86.ActiveCfg = Debug|Any CPU
		{CACDBA76-91F7-4604-A7F8-C401A01D820B}.Debug|x86.Build.0 = Debug|Any CPU
		{CACDBA76-91F7-4604-A7F8-C401A01D820B}.Release|Any CPU.ActiveCfg = Release|Any CPU
		{CACDBA76-91F7-4604-A7F8-C401A01D820B}.Release|Any CPU.Build.0 = Release|Any CPU
		{CACDBA76-91F7-4604-A7F8-C401A01D820B}.Release|x64.ActiveCfg = Release|Any CPU
		{CACDBA76-91F7-4604-A7F8-C401A01D820B}.Release|x64.Build.0 = Release|Any CPU
		{CACDBA76-91F7-4604-A7F8-C401A01D820B}.Release|x86.ActiveCfg = Release|Any CPU
		{CACDBA76-91F7-4604-A7F8-C401A01D820B}.Release|x86.Build.0 = Release|Any CPU
		{7CEE5B93-27AB-4EE4-95FC-35F4BDE6969B}.Debug|Any CPU.ActiveCfg = Debug|Any CPU
		{7CEE5B93-27AB-4EE4-95FC-35F4BDE6969B}.Debug|Any CPU.Build.0 = Debug|Any CPU
		{7CEE5B93-27AB-4EE4-95FC-35F4BDE6969B}.Debug|x64.ActiveCfg = Debug|Any CPU
		{7CEE5B93-27AB-4EE4-95FC-35F4BDE6969B}.Debug|x64.Build.0 = Debug|Any CPU
		{7CEE5B93-27AB-4EE4-95FC-35F4BDE6969B}.Debug|x86.ActiveCfg = Debug|Any CPU
		{7CEE5B93-27AB-4EE4-95FC-35F4BDE6969B}.Debug|x86.Build.0 = Debug|Any CPU
		{7CEE5B93-27AB-4EE4-95FC-35F4BDE6969B}.Release|Any CPU.ActiveCfg = Release|Any CPU
		{7CEE5B93-27AB-4EE4-95FC-35F4BDE6969B}.Release|Any CPU.Build.0 = Release|Any CPU
		{7CEE5B93-27AB-4EE4-95FC-35F4BDE6969B}.Release|x64.ActiveCfg = Release|Any CPU
		{7CEE5B93-27AB-4EE4-95FC-35F4BDE6969B}.Release|x64.Build.0 = Release|Any CPU
		{7CEE5B93-27AB-4EE4-95FC-35F4BDE6969B}.Release|x86.ActiveCfg = Release|Any CPU
		{7CEE5B93-27AB-4EE4-95FC-35F4BDE6969B}.Release|x86.Build.0 = Release|Any CPU
	EndGlobalSection
	GlobalSection(SolutionProperties) = preSolution
		HideSolutionNode = FALSE
	EndGlobalSection
EndGlobal
